
Microsoft Visual Studio Solution File, Format Version 12.00
Project("{FAE04EC0-301F-11D3-BF4B-00C04F79EFBC}") = "Memoria.Host", "src\Memoria.Host\Memoria.Host.csproj", "{42A332AD-42B9-41CB-8731-C82C85D4D7C4}"
EndProject
Project("{FAE04EC0-301F-11D3-BF4B-00C04F79EFBC}") = "Memoria.Bot", "src\Memoria.Bot\Memoria.Bot.csproj", "{AF0373F4-0BC4-454D-8ACB-F1FF8D91E3E7}"
EndProject
Project("{FAE04EC0-301F-11D3-BF4B-00C04F79EFBC}") = "Memoria.Api", "src\Memoria.Api\Memoria.Api.csproj", "{1E1D3C91-504D-4D90-9C1A-6D5F56E6C818}"
EndProject
Project("{2150E333-8FDC-42A3-9474-1A3956D46DE8}") = "Modules", "Modules", "{E8FB6AF2-D0F1-41E0-B0CE-46AFAE77E2D4}"
EndProject
Project("{2150E333-8FDC-42A3-9474-1A3956D46DE8}") = "Shared", "Shared", "{0C0FF77B-42A7-40C7-AAB2-961E46D5C03C}"
EndProject
Project("{2150E333-8FDC-42A3-9474-1A3956D46DE8}") = "Users", "Users", "{5F4F3745-29C5-41BC-BF26-A7EB68CBC66F}"
EndProject
Project("{2150E333-8FDC-42A3-9474-1A3956D46DE8}") = "Cards", "Cards", "{2674EBB0-75BB-4718-A126-9B0B4FBCBFC5}"
EndProject
Project("{2150E333-8FDC-42A3-9474-1A3956D46DE8}") = "Reminders", "Reminders", "{B4B9A226-1BE4-4665-A3DD-7924A4E7A407}"
EndProject
Project("{2150E333-8FDC-42A3-9474-1A3956D46DE8}") = "Reviews", "Reviews", "{C814C68D-8A01-40BB-A05A-E2033C7AA4E2}"
EndProject
Project("{FAE04EC0-301F-11D3-BF4B-00C04F79EFBC}") = "Memoria.Users.Contracts", "src\Modules\Users\Memoria.Users.Contracts\Memoria.Users.Contracts.csproj", "{58731703-7E52-45EA-ABF6-155DDDF9178D}"
EndProject
Project("{FAE04EC0-301F-11D3-BF4B-00C04F79EFBC}") = "Memoria.Users", "src\Modules\Users\Memoria.Users\Memoria.Users.csproj", "{D47BE953-A4DB-4134-992D-93149BA1BC0E}"
EndProject
Project("{FAE04EC0-301F-11D3-BF4B-00C04F79EFBC}") = "Memoria.Cards.Contracts", "src\Modules\Cards\Memoria.Cards.Contracts\Memoria.Cards.Contracts.csproj", "{B6C7B578-E064-4070-B18E-A1FB9F0C4481}"
EndProject
Project("{FAE04EC0-301F-11D3-BF4B-00C04F79EFBC}") = "Memoria.Cards", "src\Modules\Cards\Memoria.Cards\Memoria.Cards.csproj", "{5BA09C79-933F-4213-9FE0-BC72DA87412C}"
EndProject
Project("{FAE04EC0-301F-11D3-BF4B-00C04F79EFBC}") = "Memoria.Reminders.Contracts", "src\Modules\Reminders\Memoria.Reminders.Contracts\Memoria.Reminders.Contracts.csproj", "{C7F649C6-7798-447A-B05F-D6CA0CE1BBFF}"
EndProject
Project("{FAE04EC0-301F-11D3-BF4B-00C04F79EFBC}") = "Memoria.Reminders", "src\Modules\Reminders\Memoria.Reminders\Memoria.Reminders.csproj", "{60575322-8867-4717-B803-8716C6F1E05C}"
EndProject
Project("{FAE04EC0-301F-11D3-BF4B-00C04F79EFBC}") = "Memoria.Reviews.Contracts", "src\Modules\Reviews\Memoria.Reviews.Contracts\Memoria.Reviews.Contracts.csproj", "{CC3CC485-032D-4A09-9733-4A667AA34477}"
EndProject
Project("{FAE04EC0-301F-11D3-BF4B-00C04F79EFBC}") = "Memoria.Reviews", "src\Modules\Memoria.Reviews\Memoria.Reviews.csproj", "{1520C723-5C76-45AA-8DD9-93089B54E5BD}"
EndProject
Project("{FAE04EC0-301F-11D3-BF4B-00C04F79EFBC}") = "Memoria.Shared.Kernel", "src\Shared\Memoria.Shared.Kernel\Memoria.Shared.Kernel.csproj", "{3EE7CD5A-62BA-4FC2-B881-548FAF24A30D}"
EndProject
Project("{FAE04EC0-301F-11D3-BF4B-00C04F79EFBC}") = "Memoria.Shared.Infrastructure", "src\Shared\Memoria.Shared.Infrastructure\Memoria.Shared.Infrastructure.csproj", "{9AFB9880-6415-4D46-BA40-B89533704761}"
EndProject
Global
	GlobalSection(SolutionConfigurationPlatforms) = preSolution
		Debug|Any CPU = Debug|Any CPU
		Release|Any CPU = Release|Any CPU
	EndGlobalSection
	GlobalSection(ProjectConfigurationPlatforms) = postSolution
		{42A332AD-42B9-41CB-8731-C82C85D4D7C4}.Debug|Any CPU.ActiveCfg = Debug|Any CPU
		{42A332AD-42B9-41CB-8731-C82C85D4D7C4}.Debug|Any CPU.Build.0 = Debug|Any CPU
		{42A332AD-42B9-41CB-8731-C82C85D4D7C4}.Release|Any CPU.ActiveCfg = Release|Any CPU
		{42A332AD-42B9-41CB-8731-C82C85D4D7C4}.Release|Any CPU.Build.0 = Release|Any CPU
		{AF0373F4-0BC4-454D-8ACB-F1FF8D91E3E7}.Debug|Any CPU.ActiveCfg = Debug|Any CPU
		{AF0373F4-0BC4-454D-8ACB-F1FF8D91E3E7}.Debug|Any CPU.Build.0 = Debug|Any CPU
		{AF0373F4-0BC4-454D-8ACB-F1FF8D91E3E7}.Release|Any CPU.ActiveCfg = Release|Any CPU
		{AF0373F4-0BC4-454D-8ACB-F1FF8D91E3E7}.Release|Any CPU.Build.0 = Release|Any CPU
		{1E1D3C91-504D-4D90-9C1A-6D5F56E6C818}.Debug|Any CPU.ActiveCfg = Debug|Any CPU
		{1E1D3C91-504D-4D90-9C1A-6D5F56E6C818}.Debug|Any CPU.Build.0 = Debug|Any CPU
		{1E1D3C91-504D-4D90-9C1A-6D5F56E6C818}.Release|Any CPU.ActiveCfg = Release|Any CPU
		{1E1D3C91-504D-4D90-9C1A-6D5F56E6C818}.Release|Any CPU.Build.0 = Release|Any CPU
		{58731703-7E52-45EA-ABF6-155DDDF9178D}.Debug|Any CPU.ActiveCfg = Debug|Any CPU
		{58731703-7E52-45EA-ABF6-155DDDF9178D}.Debug|Any CPU.Build.0 = Debug|Any CPU
		{58731703-7E52-45EA-ABF6-155DDDF9178D}.Release|Any CPU.ActiveCfg = Release|Any CPU
		{58731703-7E52-45EA-ABF6-155DDDF9178D}.Release|Any CPU.Build.0 = Release|Any CPU
		{D47BE953-A4DB-4134-992D-93149BA1BC0E}.Debug|Any CPU.ActiveCfg = Debug|Any CPU
		{D47BE953-A4DB-4134-992D-93149BA1BC0E}.Debug|Any CPU.Build.0 = Debug|Any CPU
		{D47BE953-A4DB-4134-992D-93149BA1BC0E}.Release|Any CPU.ActiveCfg = Release|Any CPU
		{D47BE953-A4DB-4134-992D-93149BA1BC0E}.Release|Any CPU.Build.0 = Release|Any CPU
		{B6C7B578-E064-4070-B18E-A1FB9F0C4481}.Debug|Any CPU.ActiveCfg = Debug|Any CPU
		{B6C7B578-E064-4070-B18E-A1FB9F0C4481}.Debug|Any CPU.Build.0 = Debug|Any CPU
		{B6C7B578-E064-4070-B18E-A1FB9F0C4481}.Release|Any CPU.ActiveCfg = Release|Any CPU
		{B6C7B578-E064-4070-B18E-A1FB9F0C4481}.Release|Any CPU.Build.0 = Release|Any CPU
		{5BA09C79-933F-4213-9FE0-BC72DA87412C}.Debug|Any CPU.ActiveCfg = Debug|Any CPU
		{5BA09C79-933F-4213-9FE0-BC72DA87412C}.Debug|Any CPU.Build.0 = Debug|Any CPU
		{5BA09C79-933F-4213-9FE0-BC72DA87412C}.Release|Any CPU.ActiveCfg = Release|Any CPU
		{5BA09C79-933F-4213-9FE0-BC72DA87412C}.Release|Any CPU.Build.0 = Release|Any CPU
		{C7F649C6-7798-447A-B05F-D6CA0CE1BBFF}.Debug|Any CPU.ActiveCfg = Debug|Any CPU
		{C7F649C6-7798-447A-B05F-D6CA0CE1BBFF}.Debug|Any CPU.Build.0 = Debug|Any CPU
		{C7F649C6-7798-447A-B05F-D6CA0CE1BBFF}.Release|Any CPU.ActiveCfg = Release|Any CPU
		{C7F649C6-7798-447A-B05F-D6CA0CE1BBFF}.Release|Any CPU.Build.0 = Release|Any CPU
		{60575322-8867-4717-B803-8716C6F1E05C}.Debug|Any CPU.ActiveCfg = Debug|Any CPU
		{60575322-8867-4717-B803-8716C6F1E05C}.Debug|Any CPU.Build.0 = Debug|Any CPU
		{60575322-8867-4717-B803-8716C6F1E05C}.Release|Any CPU.ActiveCfg = Release|Any CPU
		{60575322-8867-4717-B803-8716C6F1E05C}.Release|Any CPU.Build.0 = Release|Any CPU
		{CC3CC485-032D-4A09-9733-4A667AA34477}.Debug|Any CPU.ActiveCfg = Debug|Any CPU
		{CC3CC485-032D-4A09-9733-4A667AA34477}.Debug|Any CPU.Build.0 = Debug|Any CPU
		{CC3CC485-032D-4A09-9733-4A667AA34477}.Release|Any CPU.ActiveCfg = Release|Any CPU
		{CC3CC485-032D-4A09-9733-4A667AA34477}.Release|Any CPU.Build.0 = Release|Any CPU
		{1520C723-5C76-45AA-8DD9-93089B54E5BD}.Debug|Any CPU.ActiveCfg = Debug|Any CPU
		{1520C723-5C76-45AA-8DD9-93089B54E5BD}.Debug|Any CPU.Build.0 = Debug|Any CPU
		{1520C723-5C76-45AA-8DD9-93089B54E5BD}.Release|Any CPU.ActiveCfg = Release|Any CPU
		{1520C723-5C76-45AA-8DD9-93089B54E5BD}.Release|Any CPU.Build.0 = Release|Any CPU
		{3EE7CD5A-62BA-4FC2-B881-548FAF24A30D}.Debug|Any CPU.ActiveCfg = Debug|Any CPU
		{3EE7CD5A-62BA-4FC2-B881-548FAF24A30D}.Debug|Any CPU.Build.0 = Debug|Any CPU
		{3EE7CD5A-62BA-4FC2-B881-548FAF24A30D}.Release|Any CPU.ActiveCfg = Release|Any CPU
		{3EE7CD5A-62BA-4FC2-B881-548FAF24A30D}.Release|Any CPU.Build.0 = Release|Any CPU
		{9AFB9880-6415-4D46-BA40-B89533704761}.Debug|Any CPU.ActiveCfg = Debug|Any CPU
		{9AFB9880-6415-4D46-BA40-B89533704761}.Debug|Any CPU.Build.0 = Debug|Any CPU
		{9AFB9880-6415-4D46-BA40-B89533704761}.Release|Any CPU.ActiveCfg = Release|Any CPU
		{9AFB9880-6415-4D46-BA40-B89533704761}.Release|Any CPU.Build.0 = Release|Any CPU
	EndGlobalSection
	GlobalSection(NestedProjects) = preSolution
		{5F4F3745-29C5-41BC-BF26-A7EB68CBC66F} = {E8FB6AF2-D0F1-41E0-B0CE-46AFAE77E2D4}
		{2674EBB0-75BB-4718-A126-9B0B4FBCBFC5} = {E8FB6AF2-D0F1-41E0-B0CE-46AFAE77E2D4}
		{B4B9A226-1BE4-4665-A3DD-7924A4E7A407} = {E8FB6AF2-D0F1-41E0-B0CE-46AFAE77E2D4}
		{C814C68D-8A01-40BB-A05A-E2033C7AA4E2} = {E8FB6AF2-D0F1-41E0-B0CE-46AFAE77E2D4}
		{58731703-7E52-45EA-ABF6-155DDDF9178D} = {5F4F3745-29C5-41BC-BF26-A7EB68CBC66F}
		{D47BE953-A4DB-4134-992D-93149BA1BC0E} = {5F4F3745-29C5-41BC-BF26-A7EB68CBC66F}
		{B6C7B578-E064-4070-B18E-A1FB9F0C4481} = {2674EBB0-75BB-4718-A126-9B0B4FBCBFC5}
		{5BA09C79-933F-4213-9FE0-BC72DA87412C} = {2674EBB0-75BB-4718-A126-9B0B4FBCBFC5}
		{C7F649C6-7798-447A-B05F-D6CA0CE1BBFF} = {B4B9A226-1BE4-4665-A3DD-7924A4E7A407}
		{60575322-8867-4717-B803-8716C6F1E05C} = {B4B9A226-1BE4-4665-A3DD-7924A4E7A407}
		{CC3CC485-032D-4A09-9733-4A667AA34477} = {C814C68D-8A01-40BB-A05A-E2033C7AA4E2}
		{1520C723-5C76-45AA-8DD9-93089B54E5BD} = {C814C68D-8A01-40BB-A05A-E2033C7AA4E2}
		{3EE7CD5A-62BA-4FC2-B881-548FAF24A30D} = {0C0FF77B-42A7-40C7-AAB2-961E46D5C03C}
		{9AFB9880-6415-4D46-BA40-B89533704761} = {0C0FF77B-42A7-40C7-AAB2-961E46D5C03C}
	EndGlobalSection
EndGlobal
