
Microsoft Visual Studio Solution File, Format Version 12.00
Project("{FAE04EC0-301F-11D3-BF4B-00C04F79EFBC}") = "Memoria.Host", "src\Memoria.Host\Memoria.Host.csproj", "{42A332AD-42B9-41CB-8731-C82C85D4D7C4}"
EndProject
Project("{FAE04EC0-301F-11D3-BF4B-00C04F79EFBC}") = "Memoria.Bot", "src\Memoria.Bot\Memoria.Bot.csproj", "{AF0373F4-0BC4-454D-8ACB-F1FF8D91E3E7}"
EndProject
Project("{2150E333-8FDC-42A3-9474-1A3956D46DE8}") = "Modules", "Modules", "{E8FB6AF2-D0F1-41E0-B0CE-46AFAE77E2D4}"
EndProject
Project("{2150E333-8FDC-42A3-9474-1A3956D46DE8}") = "Shared", "Shared", "{0C0FF77B-42A7-40C7-AAB2-961E46D5C03C}"
EndProject
Project("{2150E333-8FDC-42A3-9474-1A3956D46DE8}") = "Users", "Users", "{5F4F3745-29C5-41BC-BF26-A7EB68CBC66F}"
EndProject
Project("{2150E333-8FDC-42A3-9474-1A3956D46DE8}") = "Cards", "Cards", "{2674EBB0-75BB-4718-A126-9B0B4FBCBFC5}"
EndProject
Project("{2150E333-8FDC-42A3-9474-1A3956D46DE8}") = "Reminders", "Reminders", "{B4B9A226-1BE4-4665-A3DD-7924A4E7A407}"
EndProject
Project("{2150E333-8FDC-42A3-9474-1A3956D46DE8}") = "Reviews", "Reviews", "{C814C68D-8A01-40BB-A05A-E2033C7AA4E2}"
EndProject
Project("{FAE04EC0-301F-11D3-BF4B-00C04F79EFBC}") = "Memoria.Users.Contracts", "src\Modules\Users\Memoria.Users.Contracts\Memoria.Users.Contracts.csproj", "{58731703-7E52-45EA-ABF6-155DDDF9178D}"
EndProject
Project("{FAE04EC0-301F-11D3-BF4B-00C04F79EFBC}") = "Memoria.Users", "src\Modules\Users\Memoria.Users\Memoria.Users.csproj", "{D47BE953-A4DB-4134-992D-93149BA1BC0E}"
EndProject
Project("{FAE04EC0-301F-11D3-BF4B-00C04F79EFBC}") = "Memoria.Cards.Contracts", "src\Modules\Cards\Memoria.Cards.Contracts\Memoria.Cards.Contracts.csproj", "{B6C7B578-E064-4070-B18E-A1FB9F0C4481}"
EndProject
Project("{FAE04EC0-301F-11D3-BF4B-00C04F79EFBC}") = "Memoria.Cards", "src\Modules\Cards\Memoria.Cards\Memoria.Cards.csproj", "{5BA09C79-933F-4213-9FE0-BC72DA87412C}"
EndProject
Project("{FAE04EC0-301F-11D3-BF4B-00C04F79EFBC}") = "Memoria.Reminders.Contracts", "src\Modules\Reminders\Memoria.Reminders.Contracts\Memoria.Reminders.Contracts.csproj", "{C7F649C6-7798-447A-B05F-D6CA0CE1BBFF}"
EndProject
Project("{FAE04EC0-301F-11D3-BF4B-00C04F79EFBC}") = "Memoria.Reminders", "src\Modules\Reminders\Memoria.Reminders\Memoria.Reminders.csproj", "{60575322-8867-4717-B803-8716C6F1E05C}"
EndProject
Project("{FAE04EC0-301F-11D3-BF4B-00C04F79EFBC}") = "Memoria.Reviews.Contracts", "src\Modules\Reviews\Memoria.Reviews.Contracts\Memoria.Reviews.Contracts.csproj", "{CC3CC485-032D-4A09-9733-4A667AA34477}"
EndProject
Project("{FAE04EC0-301F-11D3-BF4B-00C04F79EFBC}") = "Memoria.Reviews", "src\Modules\Reviews\Memoria.Reviews\Memoria.Reviews.csproj", "{1520C723-5C76-45AA-8DD9-93089B54E5BD}"
EndProject
Project("{FAE04EC0-301F-11D3-BF4B-00C04F79EFBC}") = "Memoria.Shared.Kernel", "src\Shared\Memoria.Shared.Kernel\Memoria.Shared.Kernel.csproj", "{3EE7CD5A-62BA-4FC2-B881-548FAF24A30D}"
EndProject
Project("{FAE04EC0-301F-11D3-BF4B-00C04F79EFBC}") = "Memoria.Shared.Infrastructure", "src\Shared\Memoria.Shared.Infrastructure\Memoria.Shared.Infrastructure.csproj", "{9AFB9880-6415-4D46-BA40-B89533704761}"
EndProject
Project("{2150E333-8FDC-42A3-9474-1A3956D46DE8}") = "Tests", "Tests", "{BBE8029A-594A-48AF-883D-D27DCD96816C}"
EndProject
Project("{FAE04EC0-301F-11D3-BF4B-00C04F79EFBC}") = "Memoria.ArchitectureTests", "tests\Memoria.ArchitectureTests\Memoria.ArchitectureTests.csproj", "{AFCDA776-84C8-4D50-8E98-F8239D3F91DE}"
EndProject
Project("{FAE04EC0-301F-11D3-BF4B-00C04F79EFBC}") = "Memoria.IntegrationTests", "tests\Memoria.IntegrationTests\Memoria.IntegrationTests.csproj", "{A4CA2D73-F2A5-4E8D-9461-8FA77A17B567}"
EndProject
Project("{FAE04EC0-301F-11D3-BF4B-00C04F79EFBC}") = "Memoria.Reviews.UnitTests", "tests\Memoria.Reviews.UnitTests\Memoria.Reviews.UnitTests.csproj", "{AD9160E7-C66A-4DB0-8BE9-39E18A38784C}"
EndProject
Project("{FAE04EC0-301F-11D3-BF4B-00C04F79EFBC}") = "Memoria.Reminders.UnitTests", "tests\Memoria.Reminders.UnitTests\Memoria.Reminders.UnitTests.csproj", "{29E4F1C8-D708-4011-9414-7D9D34779642}"
EndProject
Project("{FAE04EC0-301F-11D3-BF4B-00C04F79EFBC}") = "Memoria.Cards.UnitTests", "tests\Memoria.Cards.UnitTests\Memoria.Cards.UnitTests.csproj", "{C5A0E4D5-1DBD-44F8-8E21-06A38A43E043}"
EndProject
Project("{FAE04EC0-301F-11D3-BF4B-00C04F79EFBC}") = "Memoria.Users.UnitTests", "tests\Memoria.Users.UnitTests\Memoria.Users.UnitTests.csproj", "{FAB1C3C4-9197-4FFB-A916-38976DD014FB}"
EndProject
Project("{FAE04EC0-301F-11D3-BF4B-00C04F79EFBC}") = "Memoria.Api", "src\Memoria.Api\Memoria.Api.csproj", "{2504C103-6C64-488F-A7F1-D606948001FD}"
EndProject
Project("{FAE04EC0-301F-11D3-BF4B-00C04F79EFBC}") = "Memoria.Bot.UnitTests", "tests\Memoria.Bot.UnitTests\Memoria.Bot.UnitTests.csproj", "{458D5E90-2F56-4AE4-9BC6-E4E0431C46C0}"
EndProject
Project("{2150E333-8FDC-42A3-9474-1A3956D46DE8}") = "src", "src", "{827E0CD3-B72D-47B6-A68D-7590B98EB39B}"
EndProject
Project("{2150E333-8FDC-42A3-9474-1A3956D46DE8}") = "Modules", "Modules", "{EC447DCF-ABFA-6E24-52A5-D7FD48A5C558}"
EndProject
Project("{2150E333-8FDC-42A3-9474-1A3956D46DE8}") = "Cards", "Cards", "{264CC0D4-0DC7-F5A1-66B8-5C8F23AC5F3E}"
EndProject
Project("{2150E333-8FDC-42A3-9474-1A3956D46DE8}") = "Reminders", "Reminders", "{0D838801-361F-1A13-3EE8-224F167FC3D2}"
EndProject
Project("{2150E333-8FDC-42A3-9474-1A3956D46DE8}") = "Reviews", "Reviews", "{8F85C188-F1DD-A999-B09C-348DC16E37A7}"
EndProject
Project("{2150E333-8FDC-42A3-9474-1A3956D46DE8}") = "Users", "Users", "{A26F344D-182E-CE53-AD51-2154946AC6F3}"
EndProject
Project("{2150E333-8FDC-42A3-9474-1A3956D46DE8}") = "Shared", "Shared", "{C8E42992-5E42-0C2B-DBFE-AA848D06431C}"
EndProject
Project("{FAE04EC0-301F-11D3-BF4B-00C04F79EFBC}") = "Memoria.Api.UnitTests", "tests\Memoria.Api.UnitTests\Memoria.Api.UnitTests.csproj", "{057F7AD6-4CCC-416F-9E4A-6CF464503F99}"
EndProject
Project("{2150E333-8FDC-42A3-9474-1A3956D46DE8}") = "AI", "AI", "{BB1D8860-8311-E62E-D03C-503AF4A8C141}"
EndProject
Project("{FAE04EC0-301F-11D3-BF4B-00C04F79EFBC}") = "Memoria.AI.Contracts", "src\Modules\AI\Memoria.AI.Contracts\Memoria.AI.Contracts.csproj", "{BA7BFAAB-1225-4277-8B24-66F626A11006}"
EndProject
Project("{FAE04EC0-301F-11D3-BF4B-00C04F79EFBC}") = "Memoria.AI", "src\Modules\AI\Memoria.AI\Memoria.AI.csproj", "{4413C6D7-5F9C-4E7D-BB1B-4B0AA5E46EAF}"
EndProject
Project("{FAE04EC0-301F-11D3-BF4B-00C04F79EFBC}") = "Memoria.AI.UnitTests", "tests\Memoria.AI.UnitTests\Memoria.AI.UnitTests.csproj", "{D5170826-ADAF-4841-B45E-A305EAB0F051}"
EndProject
Global
	GlobalSection(SolutionConfigurationPlatforms) = preSolution
		Debug|Any CPU = Debug|Any CPU
		Debug|x64 = Debug|x64
		Debug|x86 = Debug|x86
		Release|Any CPU = Release|Any CPU
		Release|x64 = Release|x64
		Release|x86 = Release|x86
	EndGlobalSection
	GlobalSection(ProjectConfigurationPlatforms) = postSolution
		{42A332AD-42B9-41CB-8731-C82C85D4D7C4}.Debug|Any CPU.ActiveCfg = Debug|Any CPU
		{42A332AD-42B9-41CB-8731-C82C85D4D7C4}.Debug|Any CPU.Build.0 = Debug|Any CPU
		{42A332AD-42B9-41CB-8731-C82C85D4D7C4}.Debug|x64.ActiveCfg = Debug|Any CPU
		{42A332AD-42B9-41CB-8731-C82C85D4D7C4}.Debug|x64.Build.0 = Debug|Any CPU
		{42A332AD-42B9-41CB-8731-C82C85D4D7C4}.Debug|x86.ActiveCfg = Debug|Any CPU
		{42A332AD-42B9-41CB-8731-C82C85D4D7C4}.Debug|x86.Build.0 = Debug|Any CPU
		{42A332AD-42B9-41CB-8731-C82C85D4D7C4}.Release|Any CPU.ActiveCfg = Release|Any CPU
		{42A332AD-42B9-41CB-8731-C82C85D4D7C4}.Release|Any CPU.Build.0 = Release|Any CPU
		{42A332AD-42B9-41CB-8731-C82C85D4D7C4}.Release|x64.ActiveCfg = Release|Any CPU
		{42A332AD-42B9-41CB-8731-C82C85D4D7C4}.Release|x64.Build.0 = Release|Any CPU
		{42A332AD-42B9-41CB-8731-C82C85D4D7C4}.Release|x86.ActiveCfg = Release|Any CPU
		{42A332AD-42B9-41CB-8731-C82C85D4D7C4}.Release|x86.Build.0 = Release|Any CPU
		{AF0373F4-0BC4-454D-8ACB-F1FF8D91E3E7}.Debug|Any CPU.ActiveCfg = Debug|Any CPU
		{AF0373F4-0BC4-454D-8ACB-F1FF8D91E3E7}.Debug|Any CPU.Build.0 = Debug|Any CPU
		{AF0373F4-0BC4-454D-8ACB-F1FF8D91E3E7}.Debug|x64.ActiveCfg = Debug|Any CPU
		{AF0373F4-0BC4-454D-8ACB-F1FF8D91E3E7}.Debug|x64.Build.0 = Debug|Any CPU
		{AF0373F4-0BC4-454D-8ACB-F1FF8D91E3E7}.Debug|x86.ActiveCfg = Debug|Any CPU
		{AF0373F4-0BC4-454D-8ACB-F1FF8D91E3E7}.Debug|x86.Build.0 = Debug|Any CPU
		{AF0373F4-0BC4-454D-8ACB-F1FF8D91E3E7}.Release|Any CPU.ActiveCfg = Release|Any CPU
		{AF0373F4-0BC4-454D-8ACB-F1FF8D91E3E7}.Release|Any CPU.Build.0 = Release|Any CPU
		{AF0373F4-0BC4-454D-8ACB-F1FF8D91E3E7}.Release|x64.ActiveCfg = Release|Any CPU
		{AF0373F4-0BC4-454D-8ACB-F1FF8D91E3E7}.Release|x64.Build.0 = Release|Any CPU
		{AF0373F4-0BC4-454D-8ACB-F1FF8D91E3E7}.Release|x86.ActiveCfg = Release|Any CPU
		{AF0373F4-0BC4-454D-8ACB-F1FF8D91E3E7}.Release|x86.Build.0 = Release|Any CPU
		{58731703-7E52-45EA-ABF6-155DDDF9178D}.Debug|Any CPU.ActiveCfg = Debug|Any CPU
		{58731703-7E52-45EA-ABF6-155DDDF9178D}.Debug|Any CPU.Build.0 = Debug|Any CPU
		{58731703-7E52-45EA-ABF6-155DDDF9178D}.Debug|x64.ActiveCfg = Debug|Any CPU
		{58731703-7E52-45EA-ABF6-155DDDF9178D}.Debug|x64.Build.0 = Debug|Any CPU
		{58731703-7E52-45EA-ABF6-155DDDF9178D}.Debug|x86.ActiveCfg = Debug|Any CPU
		{58731703-7E52-45EA-ABF6-155DDDF9178D}.Debug|x86.Build.0 = Debug|Any CPU
		{58731703-7E52-45EA-ABF6-155DDDF9178D}.Release|Any CPU.ActiveCfg = Release|Any CPU
		{58731703-7E52-45EA-ABF6-155DDDF9178D}.Release|Any CPU.Build.0 = Release|Any CPU
		{58731703-7E52-45EA-ABF6-155DDDF9178D}.Release|x64.ActiveCfg = Release|Any CPU
		{58731703-7E52-45EA-ABF6-155DDDF9178D}.Release|x64.Build.0 = Release|Any CPU
		{58731703-7E52-45EA-ABF6-155DDDF9178D}.Release|x86.ActiveCfg = Release|Any CPU
		{58731703-7E52-45EA-ABF6-155DDDF9178D}.Release|x86.Build.0 = Release|Any CPU
		{D47BE953-A4DB-4134-992D-93149BA1BC0E}.Debug|Any CPU.ActiveCfg = Debug|Any CPU
		{D47BE953-A4DB-4134-992D-93149BA1BC0E}.Debug|Any CPU.Build.0 = Debug|Any CPU
		{D47BE953-A4DB-4134-992D-93149BA1BC0E}.Debug|x64.ActiveCfg = Debug|Any CPU
		{D47BE953-A4DB-4134-992D-93149BA1BC0E}.Debug|x64.Build.0 = Debug|Any CPU
		{D47BE953-A4DB-4134-992D-93149BA1BC0E}.Debug|x86.ActiveCfg = Debug|Any CPU
		{D47BE953-A4DB-4134-992D-93149BA1BC0E}.Debug|x86.Build.0 = Debug|Any CPU
		{D47BE953-A4DB-4134-992D-93149BA1BC0E}.Release|Any CPU.ActiveCfg = Release|Any CPU
		{D47BE953-A4DB-4134-992D-93149BA1BC0E}.Release|Any CPU.Build.0 = Release|Any CPU
		{D47BE953-A4DB-4134-992D-93149BA1BC0E}.Release|x64.ActiveCfg = Release|Any CPU
		{D47BE953-A4DB-4134-992D-93149BA1BC0E}.Release|x64.Build.0 = Release|Any CPU
		{D47BE953-A4DB-4134-992D-93149BA1BC0E}.Release|x86.ActiveCfg = Release|Any CPU
		{D47BE953-A4DB-4134-992D-93149BA1BC0E}.Release|x86.Build.0 = Release|Any CPU
		{B6C7B578-E064-4070-B18E-A1FB9F0C4481}.Debug|Any CPU.ActiveCfg = Debug|Any CPU
		{B6C7B578-E064-4070-B18E-A1FB9F0C4481}.Debug|Any CPU.Build.0 = Debug|Any CPU
		{B6C7B578-E064-4070-B18E-A1FB9F0C4481}.Debug|x64.ActiveCfg = Debug|Any CPU
		{B6C7B578-E064-4070-B18E-A1FB9F0C4481}.Debug|x64.Build.0 = Debug|Any CPU
		{B6C7B578-E064-4070-B18E-A1FB9F0C4481}.Debug|x86.ActiveCfg = Debug|Any CPU
		{B6C7B578-E064-4070-B18E-A1FB9F0C4481}.Debug|x86.Build.0 = Debug|Any CPU
		{B6C7B578-E064-4070-B18E-A1FB9F0C4481}.Release|Any CPU.ActiveCfg = Release|Any CPU
		{B6C7B578-E064-4070-B18E-A1FB9F0C4481}.Release|Any CPU.Build.0 = Release|Any CPU
		{B6C7B578-E064-4070-B18E-A1FB9F0C4481}.Release|x64.ActiveCfg = Release|Any CPU
		{B6C7B578-E064-4070-B18E-A1FB9F0C4481}.Release|x64.Build.0 = Release|Any CPU
		{B6C7B578-E064-4070-B18E-A1FB9F0C4481}.Release|x86.ActiveCfg = Release|Any CPU
		{B6C7B578-E064-4070-B18E-A1FB9F0C4481}.Release|x86.Build.0 = Release|Any CPU
		{5BA09C79-933F-4213-9FE0-BC72DA87412C}.Debug|Any CPU.ActiveCfg = Debug|Any CPU
		{5BA09C79-933F-4213-9FE0-BC72DA87412C}.Debug|Any CPU.Build.0 = Debug|Any CPU
		{5BA09C79-933F-4213-9FE0-BC72DA87412C}.Debug|x64.ActiveCfg = Debug|Any CPU
		{5BA09C79-933F-4213-9FE0-BC72DA87412C}.Debug|x64.Build.0 = Debug|Any CPU
		{5BA09C79-933F-4213-9FE0-BC72DA87412C}.Debug|x86.ActiveCfg = Debug|Any CPU
		{5BA09C79-933F-4213-9FE0-BC72DA87412C}.Debug|x86.Build.0 = Debug|Any CPU
		{5BA09C79-933F-4213-9FE0-BC72DA87412C}.Release|Any CPU.ActiveCfg = Release|Any CPU
		{5BA09C79-933F-4213-9FE0-BC72DA87412C}.Release|Any CPU.Build.0 = Release|Any CPU
		{5BA09C79-933F-4213-9FE0-BC72DA87412C}.Release|x64.ActiveCfg = Release|Any CPU
		{5BA09C79-933F-4213-9FE0-BC72DA87412C}.Release|x64.Build.0 = Release|Any CPU
		{5BA09C79-933F-4213-9FE0-BC72DA87412C}.Release|x86.ActiveCfg = Release|Any CPU
		{5BA09C79-933F-4213-9FE0-BC72DA87412C}.Release|x86.Build.0 = Release|Any CPU
		{C7F649C6-7798-447A-B05F-D6CA0CE1BBFF}.Debug|Any CPU.ActiveCfg = Debug|Any CPU
		{C7F649C6-7798-447A-B05F-D6CA0CE1BBFF}.Debug|Any CPU.Build.0 = Debug|Any CPU
		{C7F649C6-7798-447A-B05F-D6CA0CE1BBFF}.Debug|x64.ActiveCfg = Debug|Any CPU
		{C7F649C6-7798-447A-B05F-D6CA0CE1BBFF}.Debug|x64.Build.0 = Debug|Any CPU
		{C7F649C6-7798-447A-B05F-D6CA0CE1BBFF}.Debug|x86.ActiveCfg = Debug|Any CPU
		{C7F649C6-7798-447A-B05F-D6CA0CE1BBFF}.Debug|x86.Build.0 = Debug|Any CPU
		{C7F649C6-7798-447A-B05F-D6CA0CE1BBFF}.Release|Any CPU.ActiveCfg = Release|Any CPU
		{C7F649C6-7798-447A-B05F-D6CA0CE1BBFF}.Release|Any CPU.Build.0 = Release|Any CPU
		{C7F649C6-7798-447A-B05F-D6CA0CE1BBFF}.Release|x64.ActiveCfg = Release|Any CPU
		{C7F649C6-7798-447A-B05F-D6CA0CE1BBFF}.Release|x64.Build.0 = Release|Any CPU
		{C7F649C6-7798-447A-B05F-D6CA0CE1BBFF}.Release|x86.ActiveCfg = Release|Any CPU
		{C7F649C6-7798-447A-B05F-D6CA0CE1BBFF}.Release|x86.Build.0 = Release|Any CPU
		{60575322-8867-4717-B803-8716C6F1E05C}.Debug|Any CPU.ActiveCfg = Debug|Any CPU
		{60575322-8867-4717-B803-8716C6F1E05C}.Debug|Any CPU.Build.0 = Debug|Any CPU
		{60575322-8867-4717-B803-8716C6F1E05C}.Debug|x64.ActiveCfg = Debug|Any CPU
		{60575322-8867-4717-B803-8716C6F1E05C}.Debug|x64.Build.0 = Debug|Any CPU
		{60575322-8867-4717-B803-8716C6F1E05C}.Debug|x86.ActiveCfg = Debug|Any CPU
		{60575322-8867-4717-B803-8716C6F1E05C}.Debug|x86.Build.0 = Debug|Any CPU
		{60575322-8867-4717-B803-8716C6F1E05C}.Release|Any CPU.ActiveCfg = Release|Any CPU
		{60575322-8867-4717-B803-8716C6F1E05C}.Release|Any CPU.Build.0 = Release|Any CPU
		{60575322-8867-4717-B803-8716C6F1E05C}.Release|x64.ActiveCfg = Release|Any CPU
		{60575322-8867-4717-B803-8716C6F1E05C}.Release|x64.Build.0 = Release|Any CPU
		{60575322-8867-4717-B803-8716C6F1E05C}.Release|x86.ActiveCfg = Release|Any CPU
		{60575322-8867-4717-B803-8716C6F1E05C}.Release|x86.Build.0 = Release|Any CPU
		{CC3CC485-032D-4A09-9733-4A667AA34477}.Debug|Any CPU.ActiveCfg = Debug|Any CPU
		{CC3CC485-032D-4A09-9733-4A667AA34477}.Debug|Any CPU.Build.0 = Debug|Any CPU
		{CC3CC485-032D-4A09-9733-4A667AA34477}.Debug|x64.ActiveCfg = Debug|Any CPU
		{CC3CC485-032D-4A09-9733-4A667AA34477}.Debug|x64.Build.0 = Debug|Any CPU
		{CC3CC485-032D-4A09-9733-4A667AA34477}.Debug|x86.ActiveCfg = Debug|Any CPU
		{CC3CC485-032D-4A09-9733-4A667AA34477}.Debug|x86.Build.0 = Debug|Any CPU
		{CC3CC485-032D-4A09-9733-4A667AA34477}.Release|Any CPU.ActiveCfg = Release|Any CPU
		{CC3CC485-032D-4A09-9733-4A667AA34477}.Release|Any CPU.Build.0 = Release|Any CPU
		{CC3CC485-032D-4A09-9733-4A667AA34477}.Release|x64.ActiveCfg = Release|Any CPU
		{CC3CC485-032D-4A09-9733-4A667AA34477}.Release|x64.Build.0 = Release|Any CPU
		{CC3CC485-032D-4A09-9733-4A667AA34477}.Release|x86.ActiveCfg = Release|Any CPU
		{CC3CC485-032D-4A09-9733-4A667AA34477}.Release|x86.Build.0 = Release|Any CPU
		{1520C723-5C76-45AA-8DD9-93089B54E5BD}.Debug|Any CPU.ActiveCfg = Debug|Any CPU
		{1520C723-5C76-45AA-8DD9-93089B54E5BD}.Debug|Any CPU.Build.0 = Debug|Any CPU
		{1520C723-5C76-45AA-8DD9-93089B54E5BD}.Debug|x64.ActiveCfg = Debug|Any CPU
		{1520C723-5C76-45AA-8DD9-93089B54E5BD}.Debug|x64.Build.0 = Debug|Any CPU
		{1520C723-5C76-45AA-8DD9-93089B54E5BD}.Debug|x86.ActiveCfg = Debug|Any CPU
		{1520C723-5C76-45AA-8DD9-93089B54E5BD}.Debug|x86.Build.0 = Debug|Any CPU
		{1520C723-5C76-45AA-8DD9-93089B54E5BD}.Release|Any CPU.ActiveCfg = Release|Any CPU
		{1520C723-5C76-45AA-8DD9-93089B54E5BD}.Release|Any CPU.Build.0 = Release|Any CPU
		{1520C723-5C76-45AA-8DD9-93089B54E5BD}.Release|x64.ActiveCfg = Release|Any CPU
		{1520C723-5C76-45AA-8DD9-93089B54E5BD}.Release|x64.Build.0 = Release|Any CPU
		{1520C723-5C76-45AA-8DD9-93089B54E5BD}.Release|x86.ActiveCfg = Release|Any CPU
		{1520C723-5C76-45AA-8DD9-93089B54E5BD}.Release|x86.Build.0 = Release|Any CPU
		{3EE7CD5A-62BA-4FC2-B881-548FAF24A30D}.Debug|Any CPU.ActiveCfg = Debug|Any CPU
		{3EE7CD5A-62BA-4FC2-B881-548FAF24A30D}.Debug|Any CPU.Build.0 = Debug|Any CPU
		{3EE7CD5A-62BA-4FC2-B881-548FAF24A30D}.Debug|x64.ActiveCfg = Debug|Any CPU
		{3EE7CD5A-62BA-4FC2-B881-548FAF24A30D}.Debug|x64.Build.0 = Debug|Any CPU
		{3EE7CD5A-62BA-4FC2-B881-548FAF24A30D}.Debug|x86.ActiveCfg = Debug|Any CPU
		{3EE7CD5A-62BA-4FC2-B881-548FAF24A30D}.Debug|x86.Build.0 = Debug|Any CPU
		{3EE7CD5A-62BA-4FC2-B881-548FAF24A30D}.Release|Any CPU.ActiveCfg = Release|Any CPU
		{3EE7CD5A-62BA-4FC2-B881-548FAF24A30D}.Release|Any CPU.Build.0 = Release|Any CPU
		{3EE7CD5A-62BA-4FC2-B881-548FAF24A30D}.Release|x64.ActiveCfg = Release|Any CPU
		{3EE7CD5A-62BA-4FC2-B881-548FAF24A30D}.Release|x64.Build.0 = Release|Any CPU
		{3EE7CD5A-62BA-4FC2-B881-548FAF24A30D}.Release|x86.ActiveCfg = Release|Any CPU
		{3EE7CD5A-62BA-4FC2-B881-548FAF24A30D}.Release|x86.Build.0 = Release|Any CPU
		{9AFB9880-6415-4D46-BA40-B89533704761}.Debug|Any CPU.ActiveCfg = Debug|Any CPU
		{9AFB9880-6415-4D46-BA40-B89533704761}.Debug|Any CPU.Build.0 = Debug|Any CPU
		{9AFB9880-6415-4D46-BA40-B89533704761}.Debug|x64.ActiveCfg = Debug|Any CPU
		{9AFB9880-6415-4D46-BA40-B89533704761}.Debug|x64.Build.0 = Debug|Any CPU
		{9AFB9880-6415-4D46-BA40-B89533704761}.Debug|x86.ActiveCfg = Debug|Any CPU
		{9AFB9880-6415-4D46-BA40-B89533704761}.Debug|x86.Build.0 = Debug|Any CPU
		{9AFB9880-6415-4D46-BA40-B89533704761}.Release|Any CPU.ActiveCfg = Release|Any CPU
		{9AFB9880-6415-4D46-BA40-B89533704761}.Release|Any CPU.Build.0 = Release|Any CPU
		{9AFB9880-6415-4D46-BA40-B89533704761}.Release|x64.ActiveCfg = Release|Any CPU
		{9AFB9880-6415-4D46-BA40-B89533704761}.Release|x64.Build.0 = Release|Any CPU
		{9AFB9880-6415-4D46-BA40-B89533704761}.Release|x86.ActiveCfg = Release|Any CPU
		{9AFB9880-6415-4D46-BA40-B89533704761}.Release|x86.Build.0 = Release|Any CPU
		{AFCDA776-84C8-4D50-8E98-F8239D3F91DE}.Debug|Any CPU.ActiveCfg = Debug|Any CPU
		{AFCDA776-84C8-4D50-8E98-F8239D3F91DE}.Debug|Any CPU.Build.0 = Debug|Any CPU
		{AFCDA776-84C8-4D50-8E98-F8239D3F91DE}.Debug|x64.ActiveCfg = Debug|Any CPU
		{AFCDA776-84C8-4D50-8E98-F8239D3F91DE}.Debug|x64.Build.0 = Debug|Any CPU
		{AFCDA776-84C8-4D50-8E98-F8239D3F91DE}.Debug|x86.ActiveCfg = Debug|Any CPU
		{AFCDA776-84C8-4D50-8E98-F8239D3F91DE}.Debug|x86.Build.0 = Debug|Any CPU
		{AFCDA776-84C8-4D50-8E98-F8239D3F91DE}.Release|Any CPU.ActiveCfg = Release|Any CPU
		{AFCDA776-84C8-4D50-8E98-F8239D3F91DE}.Release|Any CPU.Build.0 = Release|Any CPU
		{AFCDA776-84C8-4D50-8E98-F8239D3F91DE}.Release|x64.ActiveCfg = Release|Any CPU
		{AFCDA776-84C8-4D50-8E98-F8239D3F91DE}.Release|x64.Build.0 = Release|Any CPU
		{AFCDA776-84C8-4D50-8E98-F8239D3F91DE}.Release|x86.ActiveCfg = Release|Any CPU
		{AFCDA776-84C8-4D50-8E98-F8239D3F91DE}.Release|x86.Build.0 = Release|Any CPU
		{A4CA2D73-F2A5-4E8D-9461-8FA77A17B567}.Debug|Any CPU.ActiveCfg = Debug|Any CPU
		{A4CA2D73-F2A5-4E8D-9461-8FA77A17B567}.Debug|Any CPU.Build.0 = Debug|Any CPU
		{A4CA2D73-F2A5-4E8D-9461-8FA77A17B567}.Debug|x64.ActiveCfg = Debug|Any CPU
		{A4CA2D73-F2A5-4E8D-9461-8FA77A17B567}.Debug|x64.Build.0 = Debug|Any CPU
		{A4CA2D73-F2A5-4E8D-9461-8FA77A17B567}.Debug|x86.ActiveCfg = Debug|Any CPU
		{A4CA2D73-F2A5-4E8D-9461-8FA77A17B567}.Debug|x86.Build.0 = Debug|Any CPU
		{A4CA2D73-F2A5-4E8D-9461-8FA77A17B567}.Release|Any CPU.ActiveCfg = Release|Any CPU
		{A4CA2D73-F2A5-4E8D-9461-8FA77A17B567}.Release|Any CPU.Build.0 = Release|Any CPU
		{A4CA2D73-F2A5-4E8D-9461-8FA77A17B567}.Release|x64.ActiveCfg = Release|Any CPU
		{A4CA2D73-F2A5-4E8D-9461-8FA77A17B567}.Release|x64.Build.0 = Release|Any CPU
		{A4CA2D73-F2A5-4E8D-9461-8FA77A17B567}.Release|x86.ActiveCfg = Release|Any CPU
		{A4CA2D73-F2A5-4E8D-9461-8FA77A17B567}.Release|x86.Build.0 = Release|Any CPU
		{AD9160E7-C66A-4DB0-8BE9-39E18A38784C}.Debug|Any CPU.ActiveCfg = Debug|Any CPU
		{AD9160E7-C66A-4DB0-8BE9-39E18A38784C}.Debug|Any CPU.Build.0 = Debug|Any CPU
		{AD9160E7-C66A-4DB0-8BE9-39E18A38784C}.Debug|x64.ActiveCfg = Debug|Any CPU
		{AD9160E7-C66A-4DB0-8BE9-39E18A38784C}.Debug|x64.Build.0 = Debug|Any CPU
		{AD9160E7-C66A-4DB0-8BE9-39E18A38784C}.Debug|x86.ActiveCfg = Debug|Any CPU
		{AD9160E7-C66A-4DB0-8BE9-39E18A38784C}.Debug|x86.Build.0 = Debug|Any CPU
		{AD9160E7-C66A-4DB0-8BE9-39E18A38784C}.Release|Any CPU.ActiveCfg = Release|Any CPU
		{AD9160E7-C66A-4DB0-8BE9-39E18A38784C}.Release|Any CPU.Build.0 = Release|Any CPU
		{AD9160E7-C66A-4DB0-8BE9-39E18A38784C}.Release|x64.ActiveCfg = Release|Any CPU
		{AD9160E7-C66A-4DB0-8BE9-39E18A38784C}.Release|x64.Build.0 = Release|Any CPU
		{AD9160E7-C66A-4DB0-8BE9-39E18A38784C}.Release|x86.ActiveCfg = Release|Any CPU
		{AD9160E7-C66A-4DB0-8BE9-39E18A38784C}.Release|x86.Build.0 = Release|Any CPU
		{29E4F1C8-D708-4011-9414-7D9D34779642}.Debug|Any CPU.ActiveCfg = Debug|Any CPU
		{29E4F1C8-D708-4011-9414-7D9D34779642}.Debug|Any CPU.Build.0 = Debug|Any CPU
		{29E4F1C8-D708-4011-9414-7D9D34779642}.Debug|x64.ActiveCfg = Debug|Any CPU
		{29E4F1C8-D708-4011-9414-7D9D34779642}.Debug|x64.Build.0 = Debug|Any CPU
		{29E4F1C8-D708-4011-9414-7D9D34779642}.Debug|x86.ActiveCfg = Debug|Any CPU
		{29E4F1C8-D708-4011-9414-7D9D34779642}.Debug|x86.Build.0 = Debug|Any CPU
		{29E4F1C8-D708-4011-9414-7D9D34779642}.Release|Any CPU.ActiveCfg = Release|Any CPU
		{29E4F1C8-D708-4011-9414-7D9D34779642}.Release|Any CPU.Build.0 = Release|Any CPU
		{29E4F1C8-D708-4011-9414-7D9D34779642}.Release|x64.ActiveCfg = Release|Any CPU
		{29E4F1C8-D708-4011-9414-7D9D34779642}.Release|x64.Build.0 = Release|Any CPU
		{29E4F1C8-D708-4011-9414-7D9D34779642}.Release|x86.ActiveCfg = Release|Any CPU
		{29E4F1C8-D708-4011-9414-7D9D34779642}.Release|x86.Build.0 = Release|Any CPU
		{C5A0E4D5-1DBD-44F8-8E21-06A38A43E043}.Debug|Any CPU.ActiveCfg = Debug|Any CPU
		{C5A0E4D5-1DBD-44F8-8E21-06A38A43E043}.Debug|Any CPU.Build.0 = Debug|Any CPU
		{C5A0E4D5-1DBD-44F8-8E21-06A38A43E043}.Debug|x64.ActiveCfg = Debug|Any CPU
		{C5A0E4D5-1DBD-44F8-8E21-06A38A43E043}.Debug|x64.Build.0 = Debug|Any CPU
		{C5A0E4D5-1DBD-44F8-8E21-06A38A43E043}.Debug|x86.ActiveCfg = Debug|Any CPU
		{C5A0E4D5-1DBD-44F8-8E21-06A38A43E043}.Debug|x86.Build.0 = Debug|Any CPU
		{C5A0E4D5-1DBD-44F8-8E21-06A38A43E043}.Release|Any CPU.ActiveCfg = Release|Any CPU
		{C5A0E4D5-1DBD-44F8-8E21-06A38A43E043}.Release|Any CPU.Build.0 = Release|Any CPU
		{C5A0E4D5-1DBD-44F8-8E21-06A38A43E043}.Release|x64.ActiveCfg = Release|Any CPU
		{C5A0E4D5-1DBD-44F8-8E21-06A38A43E043}.Release|x64.Build.0 = Release|Any CPU
		{C5A0E4D5-1DBD-44F8-8E21-06A38A43E043}.Release|x86.ActiveCfg = Release|Any CPU
		{C5A0E4D5-1DBD-44F8-8E21-06A38A43E043}.Release|x86.Build.0 = Release|Any CPU
		{FAB1C3C4-9197-4FFB-A916-38976DD014FB}.Debug|Any CPU.ActiveCfg = Debug|Any CPU
		{FAB1C3C4-9197-4FFB-A916-38976DD014FB}.Debug|Any CPU.Build.0 = Debug|Any CPU
		{FAB1C3C4-9197-4FFB-A916-38976DD014FB}.Debug|x64.ActiveCfg = Debug|Any CPU
		{FAB1C3C4-9197-4FFB-A916-38976DD014FB}.Debug|x64.Build.0 = Debug|Any CPU
		{FAB1C3C4-9197-4FFB-A916-38976DD014FB}.Debug|x86.ActiveCfg = Debug|Any CPU
		{FAB1C3C4-9197-4FFB-A916-38976DD014FB}.Debug|x86.Build.0 = Debug|Any CPU
		{FAB1C3C4-9197-4FFB-A916-38976DD014FB}.Release|Any CPU.ActiveCfg = Release|Any CPU
		{FAB1C3C4-9197-4FFB-A916-38976DD014FB}.Release|Any CPU.Build.0 = Release|Any CPU
		{FAB1C3C4-9197-4FFB-A916-38976DD014FB}.Release|x64.ActiveCfg = Release|Any CPU
		{FAB1C3C4-9197-4FFB-A916-38976DD014FB}.Release|x64.Build.0 = Release|Any CPU
		{FAB1C3C4-9197-4FFB-A916-38976DD014FB}.Release|x86.ActiveCfg = Release|Any CPU
		{FAB1C3C4-9197-4FFB-A916-38976DD014FB}.Release|x86.Build.0 = Release|Any CPU
		{2504C103-6C64-488F-A7F1-D606948001FD}.Debug|Any CPU.ActiveCfg = Debug|Any CPU
		{2504C103-6C64-488F-A7F1-D606948001FD}.Debug|Any CPU.Build.0 = Debug|Any CPU
		{2504C103-6C64-488F-A7F1-D606948001FD}.Debug|x64.ActiveCfg = Debug|Any CPU
		{2504C103-6C64-488F-A7F1-D606948001FD}.Debug|x64.Build.0 = Debug|Any CPU
		{2504C103-6C64-488F-A7F1-D606948001FD}.Debug|x86.ActiveCfg = Debug|Any CPU
		{2504C103-6C64-488F-A7F1-D606948001FD}.Debug|x86.Build.0 = Debug|Any CPU
		{2504C103-6C64-488F-A7F1-D606948001FD}.Release|Any CPU.ActiveCfg = Release|Any CPU
		{2504C103-6C64-488F-A7F1-D606948001FD}.Release|Any CPU.Build.0 = Release|Any CPU
		{2504C103-6C64-488F-A7F1-D606948001FD}.Release|x64.ActiveCfg = Release|Any CPU
		{2504C103-6C64-488F-A7F1-D606948001FD}.Release|x64.Build.0 = Release|Any CPU
		{2504C103-6C64-488F-A7F1-D606948001FD}.Release|x86.ActiveCfg = Release|Any CPU
		{2504C103-6C64-488F-A7F1-D606948001FD}.Release|x86.Build.0 = Release|Any CPU
		{458D5E90-2F56-4AE4-9BC6-E4E0431C46C0}.Debug|Any CPU.ActiveCfg = Debug|Any CPU
		{458D5E90-2F56-4AE4-9BC6-E4E0431C46C0}.Debug|Any CPU.Build.0 = Debug|Any CPU
		{458D5E90-2F56-4AE4-9BC6-E4E0431C46C0}.Debug|x64.ActiveCfg = Debug|Any CPU
		{458D5E90-2F56-4AE4-9BC6-E4E0431C46C0}.Debug|x64.Build.0 = Debug|Any CPU
		{458D5E90-2F56-4AE4-9BC6-E4E0431C46C0}.Debug|x86.ActiveCfg = Debug|Any CPU
		{458D5E90-2F56-4AE4-9BC6-E4E0431C46C0}.Debug|x86.Build.0 = Debug|Any CPU
		{458D5E90-2F56-4AE4-9BC6-E4E0431C46C0}.Release|Any CPU.ActiveCfg = Release|Any CPU
		{458D5E90-2F56-4AE4-9BC6-E4E0431C46C0}.Release|Any CPU.Build.0 = Release|Any CPU
		{458D5E90-2F56-4AE4-9BC6-E4E0431C46C0}.Release|x64.ActiveCfg = Release|Any CPU
		{458D5E90-2F56-4AE4-9BC6-E4E0431C46C0}.Release|x64.Build.0 = Release|Any CPU
		{458D5E90-2F56-4AE4-9BC6-E4E0431C46C0}.Release|x86.ActiveCfg = Release|Any CPU
		{458D5E90-2F56-4AE4-9BC6-E4E0431C46C0}.Release|x86.Build.0 = Release|Any CPU
		{057F7AD6-4CCC-416F-9E4A-6CF464503F99}.Debug|Any CPU.ActiveCfg = Debug|Any CPU
		{057F7AD6-4CCC-416F-9E4A-6CF464503F99}.Debug|Any CPU.Build.0 = Debug|Any CPU
		{057F7AD6-4CCC-416F-9E4A-6CF464503F99}.Debug|x64.ActiveCfg = Debug|Any CPU
		{057F7AD6-4CCC-416F-9E4A-6CF464503F99}.Debug|x64.Build.0 = Debug|Any CPU
		{057F7AD6-4CCC-416F-9E4A-6CF464503F99}.Debug|x86.ActiveCfg = Debug|Any CPU
		{057F7AD6-4CCC-416F-9E4A-6CF464503F99}.Debug|x86.Build.0 = Debug|Any CPU
		{057F7AD6-4CCC-416F-9E4A-6CF464503F99}.Release|Any CPU.ActiveCfg = Release|Any CPU
		{057F7AD6-4CCC-416F-9E4A-6CF464503F99}.Release|Any CPU.Build.0 = Release|Any CPU
		{057F7AD6-4CCC-416F-9E4A-6CF464503F99}.Release|x64.ActiveCfg = Release|Any CPU
		{057F7AD6-4CCC-416F-9E4A-6CF464503F99}.Release|x64.Build.0 = Release|Any CPU
		{057F7AD6-4CCC-416F-9E4A-6CF464503F99}.Release|x86.ActiveCfg = Release|Any CPU
		{057F7AD6-4CCC-416F-9E4A-6CF464503F99}.Release|x86.Build.0 = Release|Any CPU
		{BA7BFAAB-1225-4277-8B24-66F626A11006}.Debug|Any CPU.ActiveCfg = Debug|Any CPU
		{BA7BFAAB-1225-4277-8B24-66F626A11006}.Debug|Any CPU.Build.0 = Debug|Any CPU
		{BA7BFAAB-1225-4277-8B24-66F626A11006}.Debug|x64.ActiveCfg = Debug|Any CPU
		{BA7BFAAB-1225-4277-8B24-66F626A11006}.Debug|x64.Build.0 = Debug|Any CPU
		{BA7BFAAB-1225-4277-8B24-66F626A11006}.Debug|x86.ActiveCfg = Debug|Any CPU
		{BA7BFAAB-1225-4277-8B24-66F626A11006}.Debug|x86.Build.0 = Debug|Any CPU
		{BA7BFAAB-1225-4277-8B24-66F626A11006}.Release|Any CPU.ActiveCfg = Release|Any CPU
		{BA7BFAAB-1225-4277-8B24-66F626A11006}.Release|Any CPU.Build.0 = Release|Any CPU
		{BA7BFAAB-1225-4277-8B24-66F626A11006}.Release|x64.ActiveCfg = Release|Any CPU
		{BA7BFAAB-1225-4277-8B24-66F626A11006}.Release|x64.Build.0 = Release|Any CPU
		{BA7BFAAB-1225-4277-8B24-66F626A11006}.Release|x86.ActiveCfg = Release|Any CPU
		{BA7BFAAB-1225-4277-8B24-66F626A11006}.Release|x86.Build.0 = Release|Any CPU
		{4413C6D7-5F9C-4E7D-BB1B-4B0AA5E46EAF}.Debug|Any CPU.ActiveCfg = Debug|Any CPU
		{4413C6D7-5F9C-4E7D-BB1B-4B0AA5E46EAF}.Debug|Any CPU.Build.0 = Debug|Any CPU
		{4413C6D7-5F9C-4E7D-BB1B-4B0AA5E46EAF}.Debug|x64.ActiveCfg = Debug|Any CPU
		{4413C6D7-5F9C-4E7D-BB1B-4B0AA5E46EAF}.Debug|x64.Build.0 = Debug|Any CPU
		{4413C6D7-5F9C-4E7D-BB1B-4B0AA5E46EAF}.Debug|x86.ActiveCfg = Debug|Any CPU
		{4413C6D7-5F9C-4E7D-BB1B-4B0AA5E46EAF}.Debug|x86.Build.0 = Debug|Any CPU
		{4413C6D7-5F9C-4E7D-BB1B-4B0AA5E46EAF}.Release|Any CPU.ActiveCfg = Release|Any CPU
		{4413C6D7-5F9C-4E7D-BB1B-4B0AA5E46EAF}.Release|Any CPU.Build.0 = Release|Any CPU
		{4413C6D7-5F9C-4E7D-BB1B-4B0AA5E46EAF}.Release|x64.ActiveCfg = Release|Any CPU
		{4413C6D7-5F9C-4E7D-BB1B-4B0AA5E46EAF}.Release|x64.Build.0 = Release|Any CPU
		{4413C6D7-5F9C-4E7D-BB1B-4B0AA5E46EAF}.Release|x86.ActiveCfg = Release|Any CPU
		{4413C6D7-5F9C-4E7D-BB1B-4B0AA5E46EAF}.Release|x86.Build.0 = Release|Any CPU
		{D5170826-ADAF-4841-B45E-A305EAB0F051}.Debug|Any CPU.ActiveCfg = Debug|Any CPU
		{D5170826-ADAF-4841-B45E-A305EAB0F051}.Debug|Any CPU.Build.0 = Debug|Any CPU
		{D5170826-ADAF-4841-B45E-A305EAB0F051}.Debug|x64.ActiveCfg = Debug|Any CPU
		{D5170826-ADAF-4841-B45E-A305EAB0F051}.Debug|x64.Build.0 = Debug|Any CPU
		{D5170826-ADAF-4841-B45E-A305EAB0F051}.Debug|x86.ActiveCfg = Debug|Any CPU
		{D5170826-ADAF-4841-B45E-A305EAB0F051}.Debug|x86.Build.0 = Debug|Any CPU
		{D5170826-ADAF-4841-B45E-A305EAB0F051}.Release|Any CPU.ActiveCfg = Release|Any CPU
		{D5170826-ADAF-4841-B45E-A305EAB0F051}.Release|Any CPU.Build.0 = Release|Any CPU
		{D5170826-ADAF-4841-B45E-A305EAB0F051}.Release|x64.ActiveCfg = Release|Any CPU
		{D5170826-ADAF-4841-B45E-A305EAB0F051}.Release|x64.Build.0 = Release|Any CPU
		{D5170826-ADAF-4841-B45E-A305EAB0F051}.Release|x86.ActiveCfg = Release|Any CPU
		{D5170826-ADAF-4841-B45E-A305EAB0F051}.Release|x86.Build.0 = Release|Any CPU
	EndGlobalSection
	GlobalSection(SolutionProperties) = preSolution
		HideSolutionNode = FALSE
	EndGlobalSection
	GlobalSection(NestedProjects) = preSolution
		{5F4F3745-29C5-41BC-BF26-A7EB68CBC66F} = {E8FB6AF2-D0F1-41E0-B0CE-46AFAE77E2D4}
		{2674EBB0-75BB-4718-A126-9B0B4FBCBFC5} = {E8FB6AF2-D0F1-41E0-B0CE-46AFAE77E2D4}
		{B4B9A226-1BE4-4665-A3DD-7924A4E7A407} = {E8FB6AF2-D0F1-41E0-B0CE-46AFAE77E2D4}
		{C814C68D-8A01-40BB-A05A-E2033C7AA4E2} = {E8FB6AF2-D0F1-41E0-B0CE-46AFAE77E2D4}
		{58731703-7E52-45EA-ABF6-155DDDF9178D} = {5F4F3745-29C5-41BC-BF26-A7EB68CBC66F}
		{D47BE953-A4DB-4134-992D-93149BA1BC0E} = {5F4F3745-29C5-41BC-BF26-A7EB68CBC66F}
		{B6C7B578-E064-4070-B18E-A1FB9F0C4481} = {2674EBB0-75BB-4718-A126-9B0B4FBCBFC5}
		{5BA09C79-933F-4213-9FE0-BC72DA87412C} = {2674EBB0-75BB-4718-A126-9B0B4FBCBFC5}
		{C7F649C6-7798-447A-B05F-D6CA0CE1BBFF} = {B4B9A226-1BE4-4665-A3DD-7924A4E7A407}
		{60575322-8867-4717-B803-8716C6F1E05C} = {B4B9A226-1BE4-4665-A3DD-7924A4E7A407}
		{CC3CC485-032D-4A09-9733-4A667AA34477} = {C814C68D-8A01-40BB-A05A-E2033C7AA4E2}
		{1520C723-5C76-45AA-8DD9-93089B54E5BD} = {C814C68D-8A01-40BB-A05A-E2033C7AA4E2}
		{3EE7CD5A-62BA-4FC2-B881-548FAF24A30D} = {0C0FF77B-42A7-40C7-AAB2-961E46D5C03C}
		{9AFB9880-6415-4D46-BA40-B89533704761} = {0C0FF77B-42A7-40C7-AAB2-961E46D5C03C}
		{AFCDA776-84C8-4D50-8E98-F8239D3F91DE} = {BBE8029A-594A-48AF-883D-D27DCD96816C}
		{A4CA2D73-F2A5-4E8D-9461-8FA77A17B567} = {BBE8029A-594A-48AF-883D-D27DCD96816C}
		{AD9160E7-C66A-4DB0-8BE9-39E18A38784C} = {BBE8029A-594A-48AF-883D-D27DCD96816C}
		{29E4F1C8-D708-4011-9414-7D9D34779642} = {BBE8029A-594A-48AF-883D-D27DCD96816C}
		{C5A0E4D5-1DBD-44F8-8E21-06A38A43E043} = {BBE8029A-594A-48AF-883D-D27DCD96816C}
		{FAB1C3C4-9197-4FFB-A916-38976DD014FB} = {BBE8029A-594A-48AF-883D-D27DCD96816C}
		{458D5E90-2F56-4AE4-9BC6-E4E0431C46C0} = {BBE8029A-594A-48AF-883D-D27DCD96816C}
		{EC447DCF-ABFA-6E24-52A5-D7FD48A5C558} = {827E0CD3-B72D-47B6-A68D-7590B98EB39B}
		{264CC0D4-0DC7-F5A1-66B8-5C8F23AC5F3E} = {EC447DCF-ABFA-6E24-52A5-D7FD48A5C558}
		{0D838801-361F-1A13-3EE8-224F167FC3D2} = {EC447DCF-ABFA-6E24-52A5-D7FD48A5C558}
		{8F85C188-F1DD-A999-B09C-348DC16E37A7} = {EC447DCF-ABFA-6E24-52A5-D7FD48A5C558}
		{A26F344D-182E-CE53-AD51-2154946AC6F3} = {EC447DCF-ABFA-6E24-52A5-D7FD48A5C558}
		{C8E42992-5E42-0C2B-DBFE-AA848D06431C} = {827E0CD3-B72D-47B6-A68D-7590B98EB39B}
		{057F7AD6-4CCC-416F-9E4A-6CF464503F99} = {BBE8029A-594A-48AF-883D-D27DCD96816C}
		{BB1D8860-8311-E62E-D03C-503AF4A8C141} = {EC447DCF-ABFA-6E24-52A5-D7FD48A5C558}
		{BA7BFAAB-1225-4277-8B24-66F626A11006} = {BB1D8860-8311-E62E-D03C-503AF4A8C141}
		{4413C6D7-5F9C-4E7D-BB1B-4B0AA5E46EAF} = {BB1D8860-8311-E62E-D03C-503AF4A8C141}
		{D5170826-ADAF-4841-B45E-A305EAB0F051} = {BBE8029A-594A-48AF-883D-D27DCD96816C}
	EndGlobalSection
EndGlobal
